
Microsoft Visual Studio Solution File, Format Version 12.00
# Visual Studio Version 17
VisualStudioVersion = 17.9.34701.34
MinimumVisualStudioVersion = 10.0.40219.1
Project("{FAE04EC0-301F-11D3-BF4B-00C04F79EFBC}") = "Lab1_Console", "Lab1_Console\Lab1_Console.csproj", "{451EA260-DA81-45D9-AE0E-6F3350766757}"
EndProject
Project("{FAE04EC0-301F-11D3-BF4B-00C04F79EFBC}") = "ClassLibrary", "ClassLibrary\ClassLibrary.csproj", "{735D001F-31B3-4817-AC10-328D1B34B15F}"
EndProject
Project("{FAE04EC0-301F-11D3-BF4B-00C04F79EFBC}") = "Lab1_GUI", "Lab1_GUI\Lab1_GUI.csproj", "{14532D71-F241-48A1-A379-2DA6170912F7}"
EndProject
Global
	GlobalSection(SolutionConfigurationPlatforms) = preSolution
		Debug|Any CPU = Debug|Any CPU
		Release|Any CPU = Release|Any CPU
	EndGlobalSection
	GlobalSection(ProjectConfigurationPlatforms) = postSolution
		{451EA260-DA81-45D9-AE0E-6F3350766757}.Debug|Any CPU.ActiveCfg = Debug|Any CPU
		{451EA260-DA81-45D9-AE0E-6F3350766757}.Debug|Any CPU.Build.0 = Debug|Any CPU
		{451EA260-DA81-45D9-AE0E-6F3350766757}.Release|Any CPU.ActiveCfg = Release|Any CPU
		{451EA260-DA81-45D9-AE0E-6F3350766757}.Release|Any CPU.Build.0 = Release|Any CPU
		{735D001F-31B3-4817-AC10-328D1B34B15F}.Debug|Any CPU.ActiveCfg = Debug|Any CPU
		{735D001F-31B3-4817-AC10-328D1B34B15F}.Debug|Any CPU.Build.0 = Debug|Any CPU
		{735D001F-31B3-4817-AC10-328D1B34B15F}.Release|Any CPU.ActiveCfg = Release|Any CPU
		{735D001F-31B3-4817-AC10-328D1B34B15F}.Release|Any CPU.Build.0 = Release|Any CPU
		{14532D71-F241-48A1-A379-2DA6170912F7}.Debug|Any CPU.ActiveCfg = Debug|Any CPU
		{14532D71-F241-48A1-A379-2DA6170912F7}.Debug|Any CPU.Build.0 = Debug|Any CPU
		{14532D71-F241-48A1-A379-2DA6170912F7}.Release|Any CPU.ActiveCfg = Release|Any CPU
		{14532D71-F241-48A1-A379-2DA6170912F7}.Release|Any CPU.Build.0 = Release|Any CPU
	EndGlobalSection
	GlobalSection(SolutionProperties) = preSolution
		HideSolutionNode = FALSE
	EndGlobalSection
	GlobalSection(ExtensibilityGlobals) = postSolution
		SolutionGuid = {A1D124FC-2E34-4436-A313-0E7358C6009C}
	EndGlobalSection
EndGlobal
